
Microsoft Visual Studio Solution File, Format Version 12.00
Project("{FAE04EC0-301F-11D3-BF4B-00C04F79EFBC}") = "Exam", "Exam\Exam.csproj", "{52E5C147-C28C-42ED-99C1-56A0D71CDB6A}"
EndProject
Project("{FAE04EC0-301F-11D3-BF4B-00C04F79EFBC}") = "Exam_Criminal", "Exam_Criminal\Exam_Criminal.csproj", "{79AA9E6D-5004-4B41-8A9F-F1F430D49E61}"
EndProject
Global
	GlobalSection(SolutionConfigurationPlatforms) = preSolution
		Debug|Any CPU = Debug|Any CPU
		Release|Any CPU = Release|Any CPU
	EndGlobalSection
	GlobalSection(ProjectConfigurationPlatforms) = postSolution
		{52E5C147-C28C-42ED-99C1-56A0D71CDB6A}.Debug|Any CPU.ActiveCfg = Debug|Any CPU
		{52E5C147-C28C-42ED-99C1-56A0D71CDB6A}.Debug|Any CPU.Build.0 = Debug|Any CPU
		{52E5C147-C28C-42ED-99C1-56A0D71CDB6A}.Release|Any CPU.ActiveCfg = Release|Any CPU
		{52E5C147-C28C-42ED-99C1-56A0D71CDB6A}.Release|Any CPU.Build.0 = Release|Any CPU
		{79AA9E6D-5004-4B41-8A9F-F1F430D49E61}.Debug|Any CPU.ActiveCfg = Debug|Any CPU
		{79AA9E6D-5004-4B41-8A9F-F1F430D49E61}.Debug|Any CPU.Build.0 = Debug|Any CPU
		{79AA9E6D-5004-4B41-8A9F-F1F430D49E61}.Release|Any CPU.ActiveCfg = Release|Any CPU
		{79AA9E6D-5004-4B41-8A9F-F1F430D49E61}.Release|Any CPU.Build.0 = Release|Any CPU
	EndGlobalSection
EndGlobal
